Microsoft Visual Studio Solution File, Format Version 12.00
# Visual Studio 2012
Project("{FAE04EC0-301F-11D3-BF4B-00C04F79EFBC}") = "Wind of Runes", "Wind of Runes.csproj", "{6696498E-5123-46F5-A9F3-28C1F7581445}"
EndProject
Global
	GlobalSection(SolutionConfigurationPlatforms) = preSolution
	Debug|Any CPU = Debug|Any CPU
	ExportDebug|Any CPU = ExportDebug|Any CPU
	ExportRelease|Any CPU = ExportRelease|Any CPU
	EndGlobalSection
	GlobalSection(ProjectConfigurationPlatforms) = postSolution
		{6696498E-5123-46F5-A9F3-28C1F7581445}.Debug|Any CPU.ActiveCfg = Debug|Any CPU
		{6696498E-5123-46F5-A9F3-28C1F7581445}.Debug|Any CPU.Build.0 = Debug|Any CPU
		{6696498E-5123-46F5-A9F3-28C1F7581445}.ExportDebug|Any CPU.ActiveCfg = ExportDebug|Any CPU
		{6696498E-5123-46F5-A9F3-28C1F7581445}.ExportDebug|Any CPU.Build.0 = ExportDebug|Any CPU
		{6696498E-5123-46F5-A9F3-28C1F7581445}.ExportRelease|Any CPU.ActiveCfg = ExportRelease|Any CPU
		{6696498E-5123-46F5-A9F3-28C1F7581445}.ExportRelease|Any CPU.Build.0 = ExportRelease|Any CPU
	EndGlobalSection
EndGlobal
